// !$*UTF8*$!
{
	archiveVersion = 1;
	classes = {
	};
	objectVersion = 50;
	objects = {

/* Begin PBXBuildFile section */
		544313F924B585FF0006DB17 /* AppDelegate.swift in Sources */ = {isa = PBXBuildFile; fileRef = 544313F824B585FF0006DB17 /* AppDelegate.swift */; };
		544313FB24B585FF0006DB17 /* SceneDelegate.swift in Sources */ = {isa = PBXBuildFile; fileRef = 544313FA24B585FF0006DB17 /* SceneDelegate.swift */; };
		544313FD24B585FF0006DB17 /* ViewController.swift in Sources */ = {isa = PBXBuildFile; fileRef = 544313FC24B585FF0006DB17 /* ViewController.swift */; };
		5443140024B585FF0006DB17 /* Main.storyboard in Resources */ = {isa = PBXBuildFile; fileRef = 544313FE24B585FF0006DB17 /* Main.storyboard */; };
		5443140224B586040006DB17 /* Assets.xcassets in Resources */ = {isa = PBXBuildFile; fileRef = 5443140124B586040006DB17 /* Assets.xcassets */; };
		5443140524B586040006DB17 /* LaunchScreen.storyboard in Resources */ = {isa = PBXBuildFile; fileRef = 5443140324B586040006DB17 /* LaunchScreen.storyboard */; };
		5443141024B586050006DB17 /* TabBarTests.swift in Sources */ = {isa = PBXBuildFile; fileRef = 5443140F24B586050006DB17 /* TabBarTests.swift */; };
		5443141B24B586050006DB17 /* TabBarUITests.swift in Sources */ = {isa = PBXBuildFile; fileRef = 5443141A24B586050006DB17 /* TabBarUITests.swift */; };
/* End PBXBuildFile section */

/* Begin PBXContainerItemProxy section */
		5443140C24B586050006DB17 /* PBXContainerItemProxy */ = {
			isa = PBXContainerItemProxy;
			containerPortal = 544313ED24B585FF0006DB17 /* Project object */;
			proxyType = 1;
			remoteGlobalIDString = 544313F424B585FF0006DB17;
			remoteInfo = TabBar;
		};
		5443141724B586050006DB17 /* PBXContainerItemProxy */ = {
			isa = PBXContainerItemProxy;
			containerPortal = 544313ED24B585FF0006DB17 /* Project object */;
			proxyType = 1;
			remoteGlobalIDString = 544313F424B585FF0006DB17;
			remoteInfo = TabBar;
		};
/* End PBXContainerItemProxy section */

/* Begin PBXFileReference section */
		544313F524B585FF0006DB17 /* TabBar.app */ = {isa = PBXFileReference; explicitFileType = wrapper.application; includeInIndex = 0; path = TabBar.app; sourceTree = BUILT_PRODUCTS_DIR; };
		544313F824B585FF0006DB17 /* AppDelegate.swift */ = {isa = PBXFileReference; lastKnownFileType = sourcecode.swift; path = AppDelegate.swift; sourceTree = "<group>"; };
		544313FA24B585FF0006DB17 /* SceneDelegate.swift */ = {isa = PBXFileReference; lastKnownFileType = sourcecode.swift; path = SceneDelegate.swift; sourceTree = "<group>"; };
		544313FC24B585FF0006DB17 /* ViewController.swift */ = {isa = PBXFileReference; lastKnownFileType = sourcecode.swift; path = ViewController.swift; sourceTree = "<group>"; };
		544313FF24B585FF0006DB17 /* Base */ = {isa = PBXFileReference; lastKnownFileType = file.storyboard; name = Base; path = Base.lproj/Main.storyboard; sourceTree = "<group>"; };
		5443140124B586040006DB17 /* Assets.xcassets */ = {isa = PBXFileReference; lastKnownFileType = folder.assetcatalog; path = Assets.xcassets; sourceTree = "<group>"; };
		5443140424B586040006DB17 /* Base */ = {isa = PBXFileReference; lastKnownFileType = file.storyboard; name = Base; path = Base.lproj/LaunchScreen.storyboard; sourceTree = "<group>"; };
		5443140624B586040006DB17 /* Info.plist */ = {isa = PBXFileReference; lastKnownFileType = text.plist.xml; path = Info.plist; sourceTree = "<group>"; };
		5443140B24B586050006DB17 /* TabBarTests.xctest */ = {isa = PBXFileReference; explicitFileType = wrapper.cfbundle; includeInIndex = 0; path = TabBarTests.xctest; sourceTree = BUILT_PRODUCTS_DIR; };
		5443140F24B586050006DB17 /* TabBarTests.swift */ = {isa = PBXFileReference; lastKnownFileType = sourcecode.swift; path = TabBarTests.swift; sourceTree = "<group>"; };
		5443141124B586050006DB17 /* Info.plist */ = {isa = PBXFileReference; lastKnownFileType = text.plist.xml; path = Info.plist; sourceTree = "<group>"; };
		5443141624B586050006DB17 /* TabBarUITests.xctest */ = {isa = PBXFileReference; explicitFileType = wrapper.cfbundle; includeInIndex = 0; path = TabBarUITests.xctest; sourceTree = BUILT_PRODUCTS_DIR; };
		5443141A24B586050006DB17 /* TabBarUITests.swift */ = {isa = PBXFileReference; lastKnownFileType = sourcecode.swift; path = TabBarUITests.swift; sourceTree = "<group>"; };
		5443141C24B586050006DB17 /* Info.plist */ = {isa = PBXFileReference; lastKnownFileType = text.plist.xml; path = Info.plist; sourceTree = "<group>"; };
/* End PBXFileReference section */

/* Begin PBXFrameworksBuildPhase section */
		544313F224B585FF0006DB17 /* Frameworks */ = {
			isa = PBXFrameworksBuildPhase;
			buildActionMask = 2147483647;
			files = (
			);
			runOnlyForDeploymentPostprocessing = 0;
		};
		5443140824B586050006DB17 /* Frameworks */ = {
			isa = PBXFrameworksBuildPhase;
			buildActionMask = 2147483647;
			files = (
			);
			runOnlyForDeploymentPostprocessing = 0;
		};
		5443141324B586050006DB17 /* Frameworks */ = {
			isa = PBXFrameworksBuildPhase;
			buildActionMask = 2147483647;
			files = (
			);
			runOnlyForDeploymentPostprocessing = 0;
		};
/* End PBXFrameworksBuildPhase section */

/* Begin PBXGroup section */
		544313EC24B585FF0006DB17 = {
			isa = PBXGroup;
			children = (
				544313F724B585FF0006DB17 /* TabBar */,
				5443140E24B586050006DB17 /* TabBarTests */,
				5443141924B586050006DB17 /* TabBarUITests */,
				544313F624B585FF0006DB17 /* Products */,
			);
			sourceTree = "<group>";
		};
		544313F624B585FF0006DB17 /* Products */ = {
			isa = PBXGroup;
			children = (
				544313F524B585FF0006DB17 /* TabBar.app */,
				5443140B24B586050006DB17 /* TabBarTests.xctest */,
				5443141624B586050006DB17 /* TabBarUITests.xctest */,
			);
			name = Products;
			sourceTree = "<group>";
		};
		544313F724B585FF0006DB17 /* TabBar */ = {
			isa = PBXGroup;
			children = (
				544313F824B585FF0006DB17 /* AppDelegate.swift */,
				544313FA24B585FF0006DB17 /* SceneDelegate.swift */,
				544313FC24B585FF0006DB17 /* ViewController.swift */,
				544313FE24B585FF0006DB17 /* Main.storyboard */,
				5443140124B586040006DB17 /* Assets.xcassets */,
				5443140324B586040006DB17 /* LaunchScreen.storyboard */,
				5443140624B586040006DB17 /* Info.plist */,
			);
			path = TabBar;
			sourceTree = "<group>";
		};
		5443140E24B586050006DB17 /* TabBarTests */ = {
			isa = PBXGroup;
			children = (
				5443140F24B586050006DB17 /* TabBarTests.swift */,
				5443141124B586050006DB17 /* Info.plist */,
			);
			path = TabBarTests;
			sourceTree = "<group>";
		};
		5443141924B586050006DB17 /* TabBarUITests */ = {
			isa = PBXGroup;
			children = (
				5443141A24B586050006DB17 /* TabBarUITests.swift */,
				5443141C24B586050006DB17 /* Info.plist */,
			);
			path = TabBarUITests;
			sourceTree = "<group>";
		};
/* End PBXGroup section */

/* Begin PBXNativeTarget section */
		544313F424B585FF0006DB17 /* TabBar */ = {
			isa = PBXNativeTarget;
			buildConfigurationList = 5443141F24B586050006DB17 /* Build configuration list for PBXNativeTarget "TabBar" */;
			buildPhases = (
				544313F124B585FF0006DB17 /* Sources */,
				544313F224B585FF0006DB17 /* Frameworks */,
				544313F324B585FF0006DB17 /* Resources */,
			);
			buildRules = (
			);
			dependencies = (
			);
			name = TabBar;
			productName = TabBar;
			productReference = 544313F524B585FF0006DB17 /* TabBar.app */;
			productType = "com.apple.product-type.application";
		};
		5443140A24B586050006DB17 /* TabBarTests */ = {
			isa = PBXNativeTarget;
			buildConfigurationList = 5443142224B586050006DB17 /* Build configuration list for PBXNativeTarget "TabBarTests" */;
			buildPhases = (
				5443140724B586050006DB17 /* Sources */,
				5443140824B586050006DB17 /* Frameworks */,
				5443140924B586050006DB17 /* Resources */,
			);
			buildRules = (
			);
			dependencies = (
				5443140D24B586050006DB17 /* PBXTargetDependency */,
			);
			name = TabBarTests;
			productName = TabBarTests;
			productReference = 5443140B24B586050006DB17 /* TabBarTests.xctest */;
			productType = "com.apple.product-type.bundle.unit-test";
		};
		5443141524B586050006DB17 /* TabBarUITests */ = {
			isa = PBXNativeTarget;
			buildConfigurationList = 5443142524B586050006DB17 /* Build configuration list for PBXNativeTarget "TabBarUITests" */;
			buildPhases = (
				5443141224B586050006DB17 /* Sources */,
				5443141324B586050006DB17 /* Frameworks */,
				5443141424B586050006DB17 /* Resources */,
			);
			buildRules = (
			);
			dependencies = (
				5443141824B586050006DB17 /* PBXTargetDependency */,
			);
			name = TabBarUITests;
			productName = TabBarUITests;
			productReference = 5443141624B586050006DB17 /* TabBarUITests.xctest */;
			productType = "com.apple.product-type.bundle.ui-testing";
		};
/* End PBXNativeTarget section */

/* Begin PBXProject section */
		544313ED24B585FF0006DB17 /* Project object */ = {
			isa = PBXProject;
			attributes = {
				LastSwiftUpdateCheck = 1130;
				LastUpgradeCheck = 1130;
				ORGANIZATIONNAME = hyu;
				TargetAttributes = {
					544313F424B585FF0006DB17 = {
						CreatedOnToolsVersion = 11.3;
					};
					5443140A24B586050006DB17 = {
						CreatedOnToolsVersion = 11.3;
						TestTargetID = 544313F424B585FF0006DB17;
					};
					5443141524B586050006DB17 = {
						CreatedOnToolsVersion = 11.3;
						TestTargetID = 544313F424B585FF0006DB17;
					};
				};
			};
			buildConfigurationList = 544313F024B585FF0006DB17 /* Build configuration list for PBXProject "TabBar" */;
			compatibilityVersion = "Xcode 9.3";
			developmentRegion = en;
			hasScannedForEncodings = 0;
			knownRegions = (
				en,
				Base,
			);
			mainGroup = 544313EC24B585FF0006DB17;
			productRefGroup = 544313F624B585FF0006DB17 /* Products */;
			projectDirPath = "";
			projectRoot = "";
			targets = (
				544313F424B585FF0006DB17 /* TabBar */,
				5443140A24B586050006DB17 /* TabBarTests */,
				5443141524B586050006DB17 /* TabBarUITests */,
			);
		};
/* End PBXProject section */

/* Begin PBXResourcesBuildPhase section */
		544313F324B585FF0006DB17 /* Resources */ = {
			isa = PBXResourcesBuildPhase;
			buildActionMask = 2147483647;
			files = (
				5443140524B586040006DB17 /* LaunchScreen.storyboard in Resources */,
				5443140224B586040006DB17 /* Assets.xcassets in Resources */,
				5443140024B585FF0006DB17 /* Main.storyboard in Resources */,
			);
			runOnlyForDeploymentPostprocessing = 0;
		};
		5443140924B586050006DB17 /* Resources */ = {
			isa = PBXResourcesBuildPhase;
			buildActionMask = 2147483647;
			files = (
			);
			runOnlyForDeploymentPostprocessing = 0;
		};
		5443141424B586050006DB17 /* Resources */ = {
			isa = PBXResourcesBuildPhase;
			buildActionMask = 2147483647;
			files = (
			);
			runOnlyForDeploymentPostprocessing = 0;
		};
/* End PBXResourcesBuildPhase section */

/* Begin PBXSourcesBuildPhase section */
		544313F124B585FF0006DB17 /* Sources */ = {
			isa = PBXSourcesBuildPhase;
			buildActionMask = 2147483647;
			files = (
				544313FD24B585FF0006DB17 /* ViewController.swift in Sources */,
				544313F924B585FF0006DB17 /* AppDelegate.swift in Sources */,
				544313FB24B585FF0006DB17 /* SceneDelegate.swift in Sources */,
			);
			runOnlyForDeploymentPostprocessing = 0;
		};
		5443140724B586050006DB17 /* Sources */ = {
			isa = PBXSourcesBuildPhase;
			buildActionMask = 2147483647;
			files = (
				5443141024B586050006DB17 /* TabBarTests.swift in Sources */,
			);
			runOnlyForDeploymentPostprocessing = 0;
		};
		5443141224B586050006DB17 /* Sources */ = {
			isa = PBXSourcesBuildPhase;
			buildActionMask = 2147483647;
			files = (
				5443141B24B586050006DB17 /* TabBarUITests.swift in Sources */,
			);
			runOnlyForDeploymentPostprocessing = 0;
		};
/* End PBXSourcesBuildPhase section */

/* Begin PBXTargetDependency section */
		5443140D24B586050006DB17 /* PBXTargetDependency */ = {
			isa = PBXTargetDependency;
			target = 544313F424B585FF0006DB17 /* TabBar */;
			targetProxy = 5443140C24B586050006DB17 /* PBXContainerItemProxy */;
		};
		5443141824B586050006DB17 /* PBXTargetDependency */ = {
			isa = PBXTargetDependency;
			target = 544313F424B585FF0006DB17 /* TabBar */;
			targetProxy = 5443141724B586050006DB17 /* PBXContainerItemProxy */;
		};
/* End PBXTargetDependency section */

/* Begin PBXVariantGroup section */
		544313FE24B585FF0006DB17 /* Main.storyboard */ = {
			isa = PBXVariantGroup;
			children = (
				544313FF24B585FF0006DB17 /* Base */,
			);
			name = Main.storyboard;
			sourceTree = "<group>";
		};
		5443140324B586040006DB17 /* LaunchScreen.storyboard */ = {
			isa = PBXVariantGroup;
			children = (
				5443140424B586040006DB17 /* Base */,
			);
			name = LaunchScreen.storyboard;
			sourceTree = "<group>";
		};
/* End PBXVariantGroup section */

/* Begin XCBuildConfiguration section */
		5443141D24B586050006DB17 /* Debug */ = {
			isa = XCBuildConfiguration;
			buildSettings = {
				ALWAYS_SEARCH_USER_PATHS = NO;
				CLANG_ANALYZER_NONNULL = YES;
				CLANG_ANALYZER_NUMBER_OBJECT_CONVERSION = YES_AGGRESSIVE;
				CLANG_CXX_LANGUAGE_STANDARD = "gnu++14";
				CLANG_CXX_LIBRARY = "libc++";
				CLANG_ENABLE_MODULES = YES;
				CLANG_ENABLE_OBJC_ARC = YES;
				CLANG_ENABLE_OBJC_WEAK = YES;
				CLANG_WARN_BLOCK_CAPTURE_AUTORELEASING = YES;
				CLANG_WARN_BOOL_CONVERSION = YES;
				CLANG_WARN_COMMA = YES;
				CLANG_WARN_CONSTANT_CONVERSION = YES;
				CLANG_WARN_DEPRECATED_OBJC_IMPLEMENTATIONS = YES;
				CLANG_WARN_DIRECT_OBJC_ISA_USAGE = YES_ERROR;
				CLANG_WARN_DOCUMENTATION_COMMENTS = YES;
				CLANG_WARN_EMPTY_BODY = YES;
				CLANG_WARN_ENUM_CONVERSION = YES;
				CLANG_WARN_INFINITE_RECURSION = YES;
				CLANG_WARN_INT_CONVERSION = YES;
				CLANG_WARN_NON_LITERAL_NULL_CONVERSION = YES;
				CLANG_WARN_OBJC_IMPLICIT_RETAIN_SELF = YES;
				CLANG_WARN_OBJC_LITERAL_CONVERSION = YES;
				CLANG_WARN_OBJC_ROOT_CLASS = YES_ERROR;
				CLANG_WARN_RANGE_LOOP_ANALYSIS = YES;
				CLANG_WARN_STRICT_PROTOTYPES = YES;
				CLANG_WARN_SUSPICIOUS_MOVE = YES;
				CLANG_WARN_UNGUARDED_AVAILABILITY = YES_AGGRESSIVE;
				CLANG_WARN_UNREACHABLE_CODE = YES;
				CLANG_WARN__DUPLICATE_METHOD_MATCH = YES;
				COPY_PHASE_STRIP = NO;
				DEBUG_INFORMATION_FORMAT = dwarf;
				ENABLE_STRICT_OBJC_MSGSEND = YES;
				ENABLE_TESTABILITY = YES;
				GCC_C_LANGUAGE_STANDARD = gnu11;
				GCC_DYNAMIC_NO_PIC = NO;
				GCC_NO_COMMON_BLOCKS = YES;
				GCC_OPTIMIZATION_LEVEL = 0;
				GCC_PREPROCESSOR_DEFINITIONS = (
					"DEBUG=1",
					"$(inherited)",
				);
				GCC_WARN_64_TO_32_BIT_CONVERSION = YES;
				GCC_WARN_ABOUT_RETURN_TYPE = YES_ERROR;
				GCC_WARN_UNDECLARED_SELECTOR = YES;
				GCC_WARN_UNINITIALIZED_AUTOS = YES_AGGRESSIVE;
				GCC_WARN_UNUSED_FUNCTION = YES;
				GCC_WARN_UNUSED_VARIABLE = YES;
				IPHONEOS_DEPLOYMENT_TARGET = 13.2;
				MTL_ENABLE_DEBUG_INFO = INCLUDE_SOURCE;
				MTL_FAST_MATH = YES;
				ONLY_ACTIVE_ARCH = YES;
				SDKROOT = iphoneos;
				SWIFT_ACTIVE_COMPILATION_CONDITIONS = DEBUG;
				SWIFT_OPTIMIZATION_LEVEL = "-Onone";
			};
			name = Debug;
		};
		5443141E24B586050006DB17 /* Release */ = {
			isa = XCBuildConfiguration;
			buildSettings = {
				ALWAYS_SEARCH_USER_PATHS = NO;
				CLANG_ANALYZER_NONNULL = YES;
				CLANG_ANALYZER_NUMBER_OBJECT_CONVERSION = YES_AGGRESSIVE;
				CLANG_CXX_LANGUAGE_STANDARD = "gnu++14";
				CLANG_CXX_LIBRARY = "libc++";
				CLANG_ENABLE_MODULES = YES;
				CLANG_ENABLE_OBJC_ARC = YES;
				CLANG_ENABLE_OBJC_WEAK = YES;
				CLANG_WARN_BLOCK_CAPTURE_AUTORELEASING = YES;
				CLANG_WARN_BOOL_CONVERSION = YES;
				CLANG_WARN_COMMA = YES;
				CLANG_WARN_CONSTANT_CONVERSION = YES;
				CLANG_WARN_DEPRECATED_OBJC_IMPLEMENTATIONS = YES;
				CLANG_WARN_DIRECT_OBJC_ISA_USAGE = YES_ERROR;
				CLANG_WARN_DOCUMENTATION_COMMENTS = YES;
				CLANG_WARN_EMPTY_BODY = YES;
				CLANG_WARN_ENUM_CONVERSION = YES;
				CLANG_WARN_INFINITE_RECURSION = YES;
				CLANG_WARN_INT_CONVERSION = YES;
				CLANG_WARN_NON_LITERAL_NULL_CONVERSION = YES;
				CLANG_WARN_OBJC_IMPLICIT_RETAIN_SELF = YES;
				CLANG_WARN_OBJC_LITERAL_CONVERSION = YES;
				CLANG_WARN_OBJC_ROOT_CLASS = YES_ERROR;
				CLANG_WARN_RANGE_LOOP_ANALYSIS = YES;
				CLANG_WARN_STRICT_PROTOTYPES = YES;
				CLANG_WARN_SUSPICIOUS_MOVE = YES;
				CLANG_WARN_UNGUARDED_AVAILABILITY = YES_AGGRESSIVE;
				CLANG_WARN_UNREACHABLE_CODE = YES;
				CLANG_WARN__DUPLICATE_METHOD_MATCH = YES;
				COPY_PHASE_STRIP = NO;
				DEBUG_INFORMATION_FORMAT = "dwarf-with-dsym";
				ENABLE_NS_ASSERTIONS = NO;
				ENABLE_STRICT_OBJC_MSGSEND = YES;
				GCC_C_LANGUAGE_STANDARD = gnu11;
				GCC_NO_COMMON_BLOCKS = YES;
				GCC_WARN_64_TO_32_BIT_CONVERSION = YES;
				GCC_WARN_ABOUT_RETURN_TYPE = YES_ERROR;
				GCC_WARN_UNDECLARED_SELECTOR = YES;
				GCC_WARN_UNINITIALIZED_AUTOS = YES_AGGRESSIVE;
				GCC_WARN_UNUSED_FUNCTION = YES;
				GCC_WARN_UNUSED_VARIABLE = YES;
				IPHONEOS_DEPLOYMENT_TARGET = 13.2;
				MTL_ENABLE_DEBUG_INFO = NO;
				MTL_FAST_MATH = YES;
				SDKROOT = iphoneos;
				SWIFT_COMPILATION_MODE = wholemodule;
				SWIFT_OPTIMIZATION_LEVEL = "-O";
				VALIDATE_PRODUCT = YES;
			};
			name = Release;
		};
		5443142024B586050006DB17 /* Debug */ = {
			isa = XCBuildConfiguration;
			buildSettings = {
				ASSETCATALOG_COMPILER_APPICON_NAME = AppIcon;
				CODE_SIGN_STYLE = Automatic;
				DEVELOPMENT_TEAM = ZZQ49LJPA4;
				INFOPLIST_FILE = TabBar/Info.plist;
				LD_RUNPATH_SEARCH_PATHS = (
					"$(inherited)",
					"@executable_path/Frameworks",
				);
				PRODUCT_BUNDLE_IDENTIFIER = re.TabBar;
				PRODUCT_NAME = "$(TARGET_NAME)";
				SWIFT_VERSION = 5.0;
				TARGETED_DEVICE_FAMILY = "1,2";
			};
			name = Debug;
		};
		5443142124B586050006DB17 /* Release */ = {
			isa = XCBuildConfiguration;
			buildSettings = {
				ASSETCATALOG_COMPILER_APPICON_NAME = AppIcon;
				CODE_SIGN_STYLE = Automatic;
				DEVELOPMENT_TEAM = ZZQ49LJPA4;
				INFOPLIST_FILE = TabBar/Info.plist;
				LD_RUNPATH_SEARCH_PATHS = (
					"$(inherited)",
					"@executable_path/Frameworks",
				);
				PRODUCT_BUNDLE_IDENTIFIER = re.TabBar;
				PRODUCT_NAME = "$(TARGET_NAME)";
				SWIFT_VERSION = 5.0;
				TARGETED_DEVICE_FAMILY = "1,2";
			};
			name = Release;
		};
		5443142324B586050006DB17 /* Debug */ = {
			isa = XCBuildConfiguration;
			buildSettings = {
				ALWAYS_EMBED_SWIFT_STANDARD_LIBRARIES = YES;
				BUNDLE_LOADER = "$(TEST_HOST)";
				CODE_SIGN_STYLE = Automatic;
				DEVELOPMENT_TEAM = ZZQ49LJPA4;
				INFOPLIST_FILE = TabBarTests/Info.plist;
				IPHONEOS_DEPLOYMENT_TARGET = 13.2;
				LD_RUNPATH_SEARCH_PATHS = (
					"$(inherited)",
					"@executable_path/Frameworks",
					"@loader_path/Frameworks",
				);
				PRODUCT_BUNDLE_IDENTIFIER = re.TabBarTests;
				PRODUCT_NAME = "$(TARGET_NAME)";
				SWIFT_VERSION = 5.0;
				TARGETED_DEVICE_FAMILY = "1,2";
				TEST_HOST = "$(BUILT_PRODUCTS_DIR)/TabBar.app/TabBar";
			};
			name = Debug;
		};
		5443142424B586050006DB17 /* Release */ = {
			isa = XCBuildConfiguration;
			buildSettings = {
				ALWAYS_EMBED_SWIFT_STANDARD_LIBRARIES = YES;
				BUNDLE_LOADER = "$(TEST_HOST)";
				CODE_SIGN_STYLE = Automatic;
				DEVELOPMENT_TEAM = ZZQ49LJPA4;
				INFOPLIST_FILE = TabBarTests/Info.plist;
				IPHONEOS_DEPLOYMENT_TARGET = 13.2;
				LD_RUNPATH_SEARCH_PATHS = (
					"$(inherited)",
					"@executable_path/Frameworks",
					"@loader_path/Frameworks",
				);
				PRODUCT_BUNDLE_IDENTIFIER = re.TabBarTests;
				PRODUCT_NAME = "$(TARGET_NAME)";
				SWIFT_VERSION = 5.0;
				TARGETED_DEVICE_FAMILY = "1,2";
				TEST_HOST = "$(BUILT_PRODUCTS_DIR)/TabBar.app/TabBar";
			};
			name = Release;
		};
		5443142624B586050006DB17 /* Debug */ = {
			isa = XCBuildConfiguration;
			buildSettings = {
				ALWAYS_EMBED_SWIFT_STANDARD_LIBRARIES = YES;
				CODE_SIGN_STYLE = Automatic;
				DEVELOPMENT_TEAM = ZZQ49LJPA4;
				INFOPLIST_FILE = TabBarUITests/Info.plist;
				LD_RUNPATH_SEARCH_PATHS = (
					"$(inherited)",
					"@executable_path/Frameworks",
					"@loader_path/Frameworks",
				);
				PRODUCT_BUNDLE_IDENTIFIER = re.TabBarUITests;
				PRODUCT_NAME = "$(TARGET_NAME)";
				SWIFT_VERSION = 5.0;
				TARGETED_DEVICE_FAMILY = "1,2";
				TEST_TARGET_NAME = TabBar;
			};
			name = Debug;
		};
		5443142724B586050006DB17 /* Release */ = {
			isa = XCBuildConfiguration;
			buildSettings = {
				ALWAYS_EMBED_SWIFT_STANDARD_LIBRARIES = YES;
				CODE_SIGN_STYLE = Automatic;
				DEVELOPMENT_TEAM = ZZQ49LJPA4;
				INFOPLIST_FILE = TabBarUITests/Info.plist;
				LD_RUNPATH_SEARCH_PATHS = (
					"$(inherited)",
					"@executable_path/Frameworks",
					"@loader_path/Frameworks",
				);
				PRODUCT_BUNDLE_IDENTIFIER = re.TabBarUITests;
				PRODUCT_NAME = "$(TARGET_NAME)";
				SWIFT_VERSION = 5.0;
				TARGETED_DEVICE_FAMILY = "1,2";
				TEST_TARGET_NAME = TabBar;
			};
			name = Release;
		};
/* End XCBuildConfiguration section */

/* Begin XCConfigurationList section */
		544313F024B585FF0006DB17 /* Build configuration list for PBXProject "TabBar" */ = {
			isa = XCConfigurationList;
			buildConfigurations = (
				5443141D24B586050006DB17 /* Debug */,
				5443141E24B586050006DB17 /* Release */,
			);
			defaultConfigurationIsVisible = 0;
			defaultConfigurationName = Release;
		};
		5443141F24B586050006DB17 /* Build configuration list for PBXNativeTarget "TabBar" */ = {
			isa = XCConfigurationList;
			buildConfigurations = (
				5443142024B586050006DB17 /* Debug */,
				5443142124B586050006DB17 /* Release */,
			);
			defaultConfigurationIsVisible = 0;
			defaultConfigurationName = Release;
		};
		5443142224B586050006DB17 /* Build configuration list for PBXNativeTarget "TabBarTests" */ = {
			isa = XCConfigurationList;
			buildConfigurations = (
				5443142324B586050006DB17 /* Debug */,
				5443142424B586050006DB17 /* Release */,
			);
			defaultConfigurationIsVisible = 0;
			defaultConfigurationName = Release;
		};
		5443142524B586050006DB17 /* Build configuration list for PBXNativeTarget "TabBarUITests" */ = {
			isa = XCConfigurationList;
			buildConfigurations = (
				5443142624B586050006DB17 /* Debug */,
				5443142724B586050006DB17 /* Release */,
			);
			defaultConfigurationIsVisible = 0;
			defaultConfigurationName = Release;
		};
/* End XCConfigurationList section */
	};
	rootObject = 544313ED24B585FF0006DB17 /* Project object */;
}
